
Microsoft Visual Studio Solution File, Format Version 12.00
# Visual Studio Version 16
VisualStudioVersion = 16.0.30711.63
MinimumVisualStudioVersion = 10.0.40219.1
Project("{FAE04EC0-301F-11D3-BF4B-00C04F79EFBC}") = "WPFWSecurity", "WPFWSecurity\WPFWSecurity.csproj", "{25B81D1C-7B31-4937-82E0-7D98C4262EA8}"
EndProject
Global
	GlobalSection(SolutionConfigurationPlatforms) = preSolution
		Debug|Any CPU = Debug|Any CPU
		Release|Any CPU = Release|Any CPU
	EndGlobalSection
	GlobalSection(ProjectConfigurationPlatforms) = postSolution
		{25B81D1C-7B31-4937-82E0-7D98C4262EA8}.Debug|Any CPU.ActiveCfg = Debug|Any CPU
		{25B81D1C-7B31-4937-82E0-7D98C4262EA8}.Debug|Any CPU.Build.0 = Debug|Any CPU
		{25B81D1C-7B31-4937-82E0-7D98C4262EA8}.Release|Any CPU.ActiveCfg = Release|Any CPU
		{25B81D1C-7B31-4937-82E0-7D98C4262EA8}.Release|Any CPU.Build.0 = Release|Any CPU
	EndGlobalSection
	GlobalSection(SolutionProperties) = preSolution
		HideSolutionNode = FALSE
	EndGlobalSection
	GlobalSection(ExtensibilityGlobals) = postSolution
		SolutionGuid = {E1086034-74EF-44E7-A6C5-8CAD096EB7F5}
	EndGlobalSection
EndGlobal
